// !$*UTF8*$!
{
	archiveVersion = 1;
	classes = {
	};
	objectVersion = 51;
	objects = {

/* Begin PBXBuildFile section */
		9CB2567B325259722B15377E /* Pods_Messenger.framework in Frameworks */ = {isa = PBXBuildFile; fileRef = 8EC1554DC5F04CD8B7D7A874 /* Pods_Messenger.framework */; };
		E64A82F62945C7BF005A59EA /* DatabaseManager.swift in Sources */ = {isa = PBXBuildFile; fileRef = E64A82F52945C7BF005A59EA /* DatabaseManager.swift */; };
		E691CECE2945A2190067B38E /* GoogleService-Info.plist in Resources */ = {isa = PBXBuildFile; fileRef = E691CECD2945A2190067B38E /* GoogleService-Info.plist */; };
		E69592712944DC72002351F6 /* AppDelegate.swift in Sources */ = {isa = PBXBuildFile; fileRef = E69592702944DC72002351F6 /* AppDelegate.swift */; };
		E69592732944DC72002351F6 /* SceneDelegate.swift in Sources */ = {isa = PBXBuildFile; fileRef = E69592722944DC72002351F6 /* SceneDelegate.swift */; };
		E69592752944DC72002351F6 /* ViewController.swift in Sources */ = {isa = PBXBuildFile; fileRef = E69592742944DC72002351F6 /* ViewController.swift */; };
		E69592782944DC72002351F6 /* Main.storyboard in Resources */ = {isa = PBXBuildFile; fileRef = E69592762944DC72002351F6 /* Main.storyboard */; };
		E695927A2944DC74002351F6 /* Assets.xcassets in Resources */ = {isa = PBXBuildFile; fileRef = E69592792944DC74002351F6 /* Assets.xcassets */; };
		E695927D2944DC74002351F6 /* LaunchScreen.storyboard in Resources */ = {isa = PBXBuildFile; fileRef = E695927B2944DC74002351F6 /* LaunchScreen.storyboard */; };
		E695928D2944E417002351F6 /* LoginViewController.swift in Sources */ = {isa = PBXBuildFile; fileRef = E695928C2944E417002351F6 /* LoginViewController.swift */; };
		E695928F2944E501002351F6 /* RegisterViewController.swift in Sources */ = {isa = PBXBuildFile; fileRef = E695928E2944E501002351F6 /* RegisterViewController.swift */; };
		E69592912944E557002351F6 /* PhotoViewerViewController.swift in Sources */ = {isa = PBXBuildFile; fileRef = E69592902944E557002351F6 /* PhotoViewerViewController.swift */; };
		E69592932944E56D002351F6 /* VideoPlayerViewController.swift in Sources */ = {isa = PBXBuildFile; fileRef = E69592922944E56D002351F6 /* VideoPlayerViewController.swift */; };
		E69592952944E64B002351F6 /* NewConversationViewController.swift in Sources */ = {isa = PBXBuildFile; fileRef = E69592942944E64B002351F6 /* NewConversationViewController.swift */; };
		E69592972944F6E9002351F6 /* ProfileViewController.swift in Sources */ = {isa = PBXBuildFile; fileRef = E69592962944F6E9002351F6 /* ProfileViewController.swift */; };
		E6C193FC294549510097EAC7 /* Extensions.swift in Sources */ = {isa = PBXBuildFile; fileRef = E6C193FB294549510097EAC7 /* Extensions.swift */; };
/* End PBXBuildFile section */

/* Begin PBXFileReference section */
		5BF66AA8F533CEFD7D6F0A33 /* Pods-Messenger.debug.xcconfig */ = {isa = PBXFileReference; includeInIndex = 1; lastKnownFileType = text.xcconfig; name = "Pods-Messenger.debug.xcconfig"; path = "Target Support Files/Pods-Messenger/Pods-Messenger.debug.xcconfig"; sourceTree = "<group>"; };
		8EC1554DC5F04CD8B7D7A874 /* Pods_Messenger.framework */ = {isa = PBXFileReference; explicitFileType = wrapper.framework; includeInIndex = 0; path = Pods_Messenger.framework; sourceTree = BUILT_PRODUCTS_DIR; };
		E64A82F52945C7BF005A59EA /* DatabaseManager.swift */ = {isa = PBXFileReference; lastKnownFileType = sourcecode.swift; path = DatabaseManager.swift; sourceTree = "<group>"; };
		E6606D3729464C5300A41D9F /* Messenger.entitlements */ = {isa = PBXFileReference; lastKnownFileType = text.plist.entitlements; path = Messenger.entitlements; sourceTree = "<group>"; };
		E691CECD2945A2190067B38E /* GoogleService-Info.plist */ = {isa = PBXFileReference; fileEncoding = 4; lastKnownFileType = text.plist.xml; name = "GoogleService-Info.plist"; path = "../../../../Downloads/GoogleService-Info.plist"; sourceTree = "<group>"; };
		E695926D2944DC72002351F6 /* Messenger.app */ = {isa = PBXFileReference; explicitFileType = wrapper.application; includeInIndex = 0; path = Messenger.app; sourceTree = BUILT_PRODUCTS_DIR; };
		E69592702944DC72002351F6 /* AppDelegate.swift */ = {isa = PBXFileReference; lastKnownFileType = sourcecode.swift; path = AppDelegate.swift; sourceTree = "<group>"; };
		E69592722944DC72002351F6 /* SceneDelegate.swift */ = {isa = PBXFileReference; lastKnownFileType = sourcecode.swift; path = SceneDelegate.swift; sourceTree = "<group>"; };
		E69592742944DC72002351F6 /* ViewController.swift */ = {isa = PBXFileReference; lastKnownFileType = sourcecode.swift; path = ViewController.swift; sourceTree = "<group>"; };
		E69592772944DC72002351F6 /* Base */ = {isa = PBXFileReference; lastKnownFileType = file.storyboard; name = Base; path = Base.lproj/Main.storyboard; sourceTree = "<group>"; };
		E69592792944DC74002351F6 /* Assets.xcassets */ = {isa = PBXFileReference; lastKnownFileType = folder.assetcatalog; path = Assets.xcassets; sourceTree = "<group>"; };
		E695927C2944DC74002351F6 /* Base */ = {isa = PBXFileReference; lastKnownFileType = file.storyboard; name = Base; path = Base.lproj/LaunchScreen.storyboard; sourceTree = "<group>"; };
		E695927E2944DC74002351F6 /* Info.plist */ = {isa = PBXFileReference; lastKnownFileType = text.plist.xml; path = Info.plist; sourceTree = "<group>"; };
		E695928C2944E417002351F6 /* LoginViewController.swift */ = {isa = PBXFileReference; lastKnownFileType = sourcecode.swift; path = LoginViewController.swift; sourceTree = "<group>"; };
		E695928E2944E501002351F6 /* RegisterViewController.swift */ = {isa = PBXFileReference; lastKnownFileType = sourcecode.swift; path = RegisterViewController.swift; sourceTree = "<group>"; };
		E69592902944E557002351F6 /* PhotoViewerViewController.swift */ = {isa = PBXFileReference; lastKnownFileType = sourcecode.swift; path = PhotoViewerViewController.swift; sourceTree = "<group>"; };
		E69592922944E56D002351F6 /* VideoPlayerViewController.swift */ = {isa = PBXFileReference; lastKnownFileType = sourcecode.swift; path = VideoPlayerViewController.swift; sourceTree = "<group>"; };
		E69592942944E64B002351F6 /* NewConversationViewController.swift */ = {isa = PBXFileReference; lastKnownFileType = sourcecode.swift; path = NewConversationViewController.swift; sourceTree = "<group>"; };
		E69592962944F6E9002351F6 /* ProfileViewController.swift */ = {isa = PBXFileReference; lastKnownFileType = sourcecode.swift; path = ProfileViewController.swift; sourceTree = "<group>"; };
		E6C193FB294549510097EAC7 /* Extensions.swift */ = {isa = PBXFileReference; lastKnownFileType = sourcecode.swift; path = Extensions.swift; sourceTree = "<group>"; };
		F9A00717071A7A359DEC6EBA /* Pods-Messenger.release.xcconfig */ = {isa = PBXFileReference; includeInIndex = 1; lastKnownFileType = text.xcconfig; name = "Pods-Messenger.release.xcconfig"; path = "Target Support Files/Pods-Messenger/Pods-Messenger.release.xcconfig"; sourceTree = "<group>"; };
/* End PBXFileReference section */

/* Begin PBXFrameworksBuildPhase section */
		E695926A2944DC72002351F6 /* Frameworks */ = {
			isa = PBXFrameworksBuildPhase;
			buildActionMask = 2147483647;
			files = (
				9CB2567B325259722B15377E /* Pods_Messenger.framework in Frameworks */,
			);
			runOnlyForDeploymentPostprocessing = 0;
		};
/* End PBXFrameworksBuildPhase section */

/* Begin PBXGroup section */
		02009F5DFB4A2BE1203D1397 /* Pods */ = {
			isa = PBXGroup;
			children = (
				5BF66AA8F533CEFD7D6F0A33 /* Pods-Messenger.debug.xcconfig */,
				F9A00717071A7A359DEC6EBA /* Pods-Messenger.release.xcconfig */,
			);
			path = Pods;
			sourceTree = "<group>";
		};
		3D6A2DF0D096DD3DD643D046 /* Frameworks */ = {
			isa = PBXGroup;
			children = (
				8EC1554DC5F04CD8B7D7A874 /* Pods_Messenger.framework */,
			);
			name = Frameworks;
			sourceTree = "<group>";
		};
		E6546E3D29453D1D006589DC /* Login */ = {
			isa = PBXGroup;
			children = (
				E695928C2944E417002351F6 /* LoginViewController.swift */,
				E695928E2944E501002351F6 /* RegisterViewController.swift */,
			);
			path = Login;
			sourceTree = "<group>";
		};
		E69592642944DC72002351F6 = {
			isa = PBXGroup;
			children = (
				E695926F2944DC72002351F6 /* Messenger */,
				E695926E2944DC72002351F6 /* Products */,
				02009F5DFB4A2BE1203D1397 /* Pods */,
				3D6A2DF0D096DD3DD643D046 /* Frameworks */,
			);
			sourceTree = "<group>";
		};
		E695926E2944DC72002351F6 /* Products */ = {
			isa = PBXGroup;
			children = (
				E695926D2944DC72002351F6 /* Messenger.app */,
			);
			name = Products;
			sourceTree = "<group>";
		};
		E695926F2944DC72002351F6 /* Messenger */ = {
			isa = PBXGroup;
			children = (
				E6606D3729464C5300A41D9F /* Messenger.entitlements */,
				E691CECD2945A2190067B38E /* GoogleService-Info.plist */,
				E695928A2944DFF6002351F6 /* Resources */,
				E69592892944DFDA002351F6 /* ViewModels */,
				E69592882944DFCC002351F6 /* Models */,
				E69592872944DFBD002351F6 /* Views */,
				E69592862944DF96002351F6 /* Controllers */,
				E695927E2944DC74002351F6 /* Info.plist */,
			);
			path = Messenger;
			sourceTree = "<group>";
		};
		E69592862944DF96002351F6 /* Controllers */ = {
			isa = PBXGroup;
			children = (
				E6546E3D29453D1D006589DC /* Login */,
				E69592742944DC72002351F6 /* ViewController.swift */,
				E69592902944E557002351F6 /* PhotoViewerViewController.swift */,
				E69592922944E56D002351F6 /* VideoPlayerViewController.swift */,
				E69592942944E64B002351F6 /* NewConversationViewController.swift */,
				E69592962944F6E9002351F6 /* ProfileViewController.swift */,
			);
			path = Controllers;
			sourceTree = "<group>";
		};
		E69592872944DFBD002351F6 /* Views */ = {
			isa = PBXGroup;
			children = (
				E695928B2944E029002351F6 /* Storyboards */,
				E69592792944DC74002351F6 /* Assets.xcassets */,
			);
			path = Views;
			sourceTree = "<group>";
		};
		E69592882944DFCC002351F6 /* Models */ = {
			isa = PBXGroup;
			children = (
			);
			path = Models;
			sourceTree = "<group>";
		};
		E69592892944DFDA002351F6 /* ViewModels */ = {
			isa = PBXGroup;
			children = (
			);
			path = ViewModels;
			sourceTree = "<group>";
		};
		E695928A2944DFF6002351F6 /* Resources */ = {
			isa = PBXGroup;
			children = (
				E69592702944DC72002351F6 /* AppDelegate.swift */,
				E69592722944DC72002351F6 /* SceneDelegate.swift */,
				E6C193FB294549510097EAC7 /* Extensions.swift */,
				E64A82F52945C7BF005A59EA /* DatabaseManager.swift */,
			);
			path = Resources;
			sourceTree = "<group>";
		};
		E695928B2944E029002351F6 /* Storyboards */ = {
			isa = PBXGroup;
			children = (
				E69592762944DC72002351F6 /* Main.storyboard */,
				E695927B2944DC74002351F6 /* LaunchScreen.storyboard */,
			);
			path = Storyboards;
			sourceTree = "<group>";
		};
/* End PBXGroup section */

/* Begin PBXNativeTarget section */
		E695926C2944DC72002351F6 /* Messenger */ = {
			isa = PBXNativeTarget;
			buildConfigurationList = E69592812944DC74002351F6 /* Build configuration list for PBXNativeTarget "Messenger" */;
			buildPhases = (
				1880320A0B7DBDCF93E98E47 /* [CP] Check Pods Manifest.lock */,
				E69592692944DC72002351F6 /* Sources */,
				E695926A2944DC72002351F6 /* Frameworks */,
				E695926B2944DC72002351F6 /* Resources */,
				B2F0C18841FA6DFC4E97C3D9 /* [CP] Embed Pods Frameworks */,
			);
			buildRules = (
			);
			dependencies = (
			);
			name = Messenger;
			productName = Messenger;
			productReference = E695926D2944DC72002351F6 /* Messenger.app */;
			productType = "com.apple.product-type.application";
		};
/* End PBXNativeTarget section */

/* Begin PBXProject section */
		E69592652944DC72002351F6 /* Project object */ = {
			isa = PBXProject;
			attributes = {
				LastSwiftUpdateCheck = 1130;
				LastUpgradeCheck = 1130;
				ORGANIZATIONNAME = miempresa;
				TargetAttributes = {
					E695926C2944DC72002351F6 = {
						CreatedOnToolsVersion = 11.3.1;
					};
				};
			};
			buildConfigurationList = E69592682944DC72002351F6 /* Build configuration list for PBXProject "Messenger" */;
			compatibilityVersion = "Xcode 9.3";
			developmentRegion = en;
			hasScannedForEncodings = 0;
			knownRegions = (
				en,
				Base,
			);
			mainGroup = E69592642944DC72002351F6;
			productRefGroup = E695926E2944DC72002351F6 /* Products */;
			projectDirPath = "";
			projectRoot = "";
			targets = (
				E695926C2944DC72002351F6 /* Messenger */,
			);
		};
/* End PBXProject section */

/* Begin PBXResourcesBuildPhase section */
		E695926B2944DC72002351F6 /* Resources */ = {
			isa = PBXResourcesBuildPhase;
			buildActionMask = 2147483647;
			files = (
				E695927D2944DC74002351F6 /* LaunchScreen.storyboard in Resources */,
				E691CECE2945A2190067B38E /* GoogleService-Info.plist in Resources */,
				E695927A2944DC74002351F6 /* Assets.xcassets in Resources */,
				E69592782944DC72002351F6 /* Main.storyboard in Resources */,
			);
			runOnlyForDeploymentPostprocessing = 0;
		};
/* End PBXResourcesBuildPhase section */

/* Begin PBXShellScriptBuildPhase section */
		1880320A0B7DBDCF93E98E47 /* [CP] Check Pods Manifest.lock */ = {
			isa = PBXShellScriptBuildPhase;
			buildActionMask = 2147483647;
			files = (
			);
			inputFileListPaths = (
			);
			inputPaths = (
				"${PODS_PODFILE_DIR_PATH}/Podfile.lock",
				"${PODS_ROOT}/Manifest.lock",
			);
			name = "[CP] Check Pods Manifest.lock";
			outputFileListPaths = (
			);
			outputPaths = (
				"$(DERIVED_FILE_DIR)/Pods-Messenger-checkManifestLockResult.txt",
			);
			runOnlyForDeploymentPostprocessing = 0;
			shellPath = /bin/sh;
			shellScript = "diff \"${PODS_PODFILE_DIR_PATH}/Podfile.lock\" \"${PODS_ROOT}/Manifest.lock\" > /dev/null\nif [ $? != 0 ] ; then\n    # print error to STDERR\n    echo \"error: The sandbox is not in sync with the Podfile.lock. Run 'pod install' or update your CocoaPods installation.\" >&2\n    exit 1\nfi\n# This output is used by Xcode 'outputs' to avoid re-running this script phase.\necho \"SUCCESS\" > \"${SCRIPT_OUTPUT_FILE_0}\"\n";
			showEnvVarsInLog = 0;
		};
		B2F0C18841FA6DFC4E97C3D9 /* [CP] Embed Pods Frameworks */ = {
			isa = PBXShellScriptBuildPhase;
			buildActionMask = 2147483647;
			files = (
			);
			inputFileListPaths = (
				"${PODS_ROOT}/Target Support Files/Pods-Messenger/Pods-Messenger-frameworks-${CONFIGURATION}-input-files.xcfilelist",
			);
			name = "[CP] Embed Pods Frameworks";
			outputFileListPaths = (
				"${PODS_ROOT}/Target Support Files/Pods-Messenger/Pods-Messenger-frameworks-${CONFIGURATION}-output-files.xcfilelist",
			);
			runOnlyForDeploymentPostprocessing = 0;
			shellPath = /bin/sh;
			shellScript = "\"${PODS_ROOT}/Target Support Files/Pods-Messenger/Pods-Messenger-frameworks.sh\"\n";
			showEnvVarsInLog = 0;
		};
/* End PBXShellScriptBuildPhase section */

/* Begin PBXSourcesBuildPhase section */
		E69592692944DC72002351F6 /* Sources */ = {
			isa = PBXSourcesBuildPhase;
			buildActionMask = 2147483647;
			files = (
				E695928D2944E417002351F6 /* LoginViewController.swift in Sources */,
				E64A82F62945C7BF005A59EA /* DatabaseManager.swift in Sources */,
				E695928F2944E501002351F6 /* RegisterViewController.swift in Sources */,
				E69592952944E64B002351F6 /* NewConversationViewController.swift in Sources */,
				E69592752944DC72002351F6 /* ViewController.swift in Sources */,
				E69592932944E56D002351F6 /* VideoPlayerViewController.swift in Sources */,
				E6C193FC294549510097EAC7 /* Extensions.swift in Sources */,
				E69592712944DC72002351F6 /* AppDelegate.swift in Sources */,
				E69592972944F6E9002351F6 /* ProfileViewController.swift in Sources */,
				E69592732944DC72002351F6 /* SceneDelegate.swift in Sources */,
				E69592912944E557002351F6 /* PhotoViewerViewController.swift in Sources */,
			);
			runOnlyForDeploymentPostprocessing = 0;
		};
/* End PBXSourcesBuildPhase section */

/* Begin PBXVariantGroup section */
		E69592762944DC72002351F6 /* Main.storyboard */ = {
			isa = PBXVariantGroup;
			children = (
				E69592772944DC72002351F6 /* Base */,
			);
			name = Main.storyboard;
			sourceTree = "<group>";
		};
		E695927B2944DC74002351F6 /* LaunchScreen.storyboard */ = {
			isa = PBXVariantGroup;
			children = (
				E695927C2944DC74002351F6 /* Base */,
			);
			name = LaunchScreen.storyboard;
			sourceTree = "<group>";
		};
/* End PBXVariantGroup section */

/* Begin XCBuildConfiguration section */
		E695927F2944DC74002351F6 /* Debug */ = {
			isa = XCBuildConfiguration;
			buildSettings = {
				ALWAYS_SEARCH_USER_PATHS = NO;
				CLANG_ANALYZER_NONNULL = YES;
				CLANG_ANALYZER_NUMBER_OBJECT_CONVERSION = YES_AGGRESSIVE;
				CLANG_CXX_LANGUAGE_STANDARD = "gnu++14";
				CLANG_CXX_LIBRARY = "libc++";
				CLANG_ENABLE_MODULES = YES;
				CLANG_ENABLE_OBJC_ARC = YES;
				CLANG_ENABLE_OBJC_WEAK = YES;
				CLANG_WARN_BLOCK_CAPTURE_AUTORELEASING = YES;
				CLANG_WARN_BOOL_CONVERSION = YES;
				CLANG_WARN_COMMA = YES;
				CLANG_WARN_CONSTANT_CONVERSION = YES;
				CLANG_WARN_DEPRECATED_OBJC_IMPLEMENTATIONS = YES;
				CLANG_WARN_DIRECT_OBJC_ISA_USAGE = YES_ERROR;
				CLANG_WARN_DOCUMENTATION_COMMENTS = YES;
				CLANG_WARN_EMPTY_BODY = YES;
				CLANG_WARN_ENUM_CONVERSION = YES;
				CLANG_WARN_INFINITE_RECURSION = YES;
				CLANG_WARN_INT_CONVERSION = YES;
				CLANG_WARN_NON_LITERAL_NULL_CONVERSION = YES;
				CLANG_WARN_OBJC_IMPLICIT_RETAIN_SELF = YES;
				CLANG_WARN_OBJC_LITERAL_CONVERSION = YES;
				CLANG_WARN_OBJC_ROOT_CLASS = YES_ERROR;
				CLANG_WARN_RANGE_LOOP_ANALYSIS = YES;
				CLANG_WARN_STRICT_PROTOTYPES = YES;
				CLANG_WARN_SUSPICIOUS_MOVE = YES;
				CLANG_WARN_UNGUARDED_AVAILABILITY = YES_AGGRESSIVE;
				CLANG_WARN_UNREACHABLE_CODE = YES;
				CLANG_WARN__DUPLICATE_METHOD_MATCH = YES;
				COPY_PHASE_STRIP = NO;
				DEBUG_INFORMATION_FORMAT = dwarf;
				ENABLE_STRICT_OBJC_MSGSEND = YES;
				ENABLE_TESTABILITY = YES;
				GCC_C_LANGUAGE_STANDARD = gnu11;
				GCC_DYNAMIC_NO_PIC = NO;
				GCC_NO_COMMON_BLOCKS = YES;
				GCC_OPTIMIZATION_LEVEL = 0;
				GCC_PREPROCESSOR_DEFINITIONS = (
					"DEBUG=1",
					"$(inherited)",
				);
				GCC_WARN_64_TO_32_BIT_CONVERSION = YES;
				GCC_WARN_ABOUT_RETURN_TYPE = YES_ERROR;
				GCC_WARN_UNDECLARED_SELECTOR = YES;
				GCC_WARN_UNINITIALIZED_AUTOS = YES_AGGRESSIVE;
				GCC_WARN_UNUSED_FUNCTION = YES;
				GCC_WARN_UNUSED_VARIABLE = YES;
				IPHONEOS_DEPLOYMENT_TARGET = 13.2;
				MTL_ENABLE_DEBUG_INFO = INCLUDE_SOURCE;
				MTL_FAST_MATH = YES;
				ONLY_ACTIVE_ARCH = YES;
				SDKROOT = iphoneos;
				SWIFT_ACTIVE_COMPILATION_CONDITIONS = DEBUG;
				SWIFT_OPTIMIZATION_LEVEL = "-Onone";
			};
			name = Debug;
		};
		E69592802944DC74002351F6 /* Release */ = {
			isa = XCBuildConfiguration;
			buildSettings = {
				ALWAYS_SEARCH_USER_PATHS = NO;
				CLANG_ANALYZER_NONNULL = YES;
				CLANG_ANALYZER_NUMBER_OBJECT_CONVERSION = YES_AGGRESSIVE;
				CLANG_CXX_LANGUAGE_STANDARD = "gnu++14";
				CLANG_CXX_LIBRARY = "libc++";
				CLANG_ENABLE_MODULES = YES;
				CLANG_ENABLE_OBJC_ARC = YES;
				CLANG_ENABLE_OBJC_WEAK = YES;
				CLANG_WARN_BLOCK_CAPTURE_AUTORELEASING = YES;
				CLANG_WARN_BOOL_CONVERSION = YES;
				CLANG_WARN_COMMA = YES;
				CLANG_WARN_CONSTANT_CONVERSION = YES;
				CLANG_WARN_DEPRECATED_OBJC_IMPLEMENTATIONS = YES;
				CLANG_WARN_DIRECT_OBJC_ISA_USAGE = YES_ERROR;
				CLANG_WARN_DOCUMENTATION_COMMENTS = YES;
				CLANG_WARN_EMPTY_BODY = YES;
				CLANG_WARN_ENUM_CONVERSION = YES;
				CLANG_WARN_INFINITE_RECURSION = YES;
				CLANG_WARN_INT_CONVERSION = YES;
				CLANG_WARN_NON_LITERAL_NULL_CONVERSION = YES;
				CLANG_WARN_OBJC_IMPLICIT_RETAIN_SELF = YES;
				CLANG_WARN_OBJC_LITERAL_CONVERSION = YES;
				CLANG_WARN_OBJC_ROOT_CLASS = YES_ERROR;
				CLANG_WARN_RANGE_LOOP_ANALYSIS = YES;
				CLANG_WARN_STRICT_PROTOTYPES = YES;
				CLANG_WARN_SUSPICIOUS_MOVE = YES;
				CLANG_WARN_UNGUARDED_AVAILABILITY = YES_AGGRESSIVE;
				CLANG_WARN_UNREACHABLE_CODE = YES;
				CLANG_WARN__DUPLICATE_METHOD_MATCH = YES;
				COPY_PHASE_STRIP = NO;
				DEBUG_INFORMATION_FORMAT = "dwarf-with-dsym";
				ENABLE_NS_ASSERTIONS = NO;
				ENABLE_STRICT_OBJC_MSGSEND = YES;
				GCC_C_LANGUAGE_STANDARD = gnu11;
				GCC_NO_COMMON_BLOCKS = YES;
				GCC_WARN_64_TO_32_BIT_CONVERSION = YES;
				GCC_WARN_ABOUT_RETURN_TYPE = YES_ERROR;
				GCC_WARN_UNDECLARED_SELECTOR = YES;
				GCC_WARN_UNINITIALIZED_AUTOS = YES_AGGRESSIVE;
				GCC_WARN_UNUSED_FUNCTION = YES;
				GCC_WARN_UNUSED_VARIABLE = YES;
				IPHONEOS_DEPLOYMENT_TARGET = 13.2;
				MTL_ENABLE_DEBUG_INFO = NO;
				MTL_FAST_MATH = YES;
				SDKROOT = iphoneos;
				SWIFT_COMPILATION_MODE = wholemodule;
				SWIFT_OPTIMIZATION_LEVEL = "-O";
				VALIDATE_PRODUCT = YES;
			};
			name = Release;
		};
		E69592822944DC74002351F6 /* Debug */ = {
			isa = XCBuildConfiguration;
			baseConfigurationReference = 5BF66AA8F533CEFD7D6F0A33 /* Pods-Messenger.debug.xcconfig */;
			buildSettings = {
				ASSETCATALOG_COMPILER_APPICON_NAME = AppIcon;
				CODE_SIGN_ENTITLEMENTS = Messenger/Messenger.entitlements;
				CODE_SIGN_STYLE = Automatic;
				INFOPLIST_FILE = Messenger/Info.plist;
				LD_RUNPATH_SEARCH_PATHS = (
					"$(inherited)",
					"@executable_path/Frameworks",
				);
				PRODUCT_BUNDLE_IDENTIFIER = com.miempresa.Messenger;
				PRODUCT_NAME = "$(TARGET_NAME)";
				SWIFT_VERSION = 5.0;
				TARGETED_DEVICE_FAMILY = "1,2";
			};
			name = Debug;
		};
		E69592832944DC74002351F6 /* Release */ = {
			isa = XCBuildConfiguration;
			baseConfigurationReference = F9A00717071A7A359DEC6EBA /* Pods-Messenger.release.xcconfig */;
			buildSettings = {
				ASSETCATALOG_COMPILER_APPICON_NAME = AppIcon;
				CODE_SIGN_ENTITLEMENTS = Messenger/Messenger.entitlements;
				CODE_SIGN_STYLE = Automatic;
				INFOPLIST_FILE = Messenger/Info.plist;
				LD_RUNPATH_SEARCH_PATHS = (
					"$(inherited)",
					"@executable_path/Frameworks",
				);
				PRODUCT_BUNDLE_IDENTIFIER = com.miempresa.Messenger;
				PRODUCT_NAME = "$(TARGET_NAME)";
				SWIFT_VERSION = 5.0;
				TARGETED_DEVICE_FAMILY = "1,2";
			};
			name = Release;
		};
/* End XCBuildConfiguration section */

/* Begin XCConfigurationList section */
		E69592682944DC72002351F6 /* Build configuration list for PBXProject "Messenger" */ = {
			isa = XCConfigurationList;
			buildConfigurations = (
				E695927F2944DC74002351F6 /* Debug */,
				E69592802944DC74002351F6 /* Release */,
			);
			defaultConfigurationIsVisible = 0;
			defaultConfigurationName = Release;
		};
		E69592812944DC74002351F6 /* Build configuration list for PBXNativeTarget "Messenger" */ = {
			isa = XCConfigurationList;
			buildConfigurations = (
				E69592822944DC74002351F6 /* Debug */,
				E69592832944DC74002351F6 /* Release */,
			);
			defaultConfigurationIsVisible = 0;
			defaultConfigurationName = Release;
		};
/* End XCConfigurationList section */
	};
	rootObject = E69592652944DC72002351F6 /* Project object */;
}
